
Microsoft Visual Studio Solution File, Format Version 12.00
# Visual Studio Version 16
VisualStudioVersion = 16.0.32929.386
MinimumVisualStudioVersion = 10.0.40219.1
Project("{FAE04EC0-301F-11D3-BF4B-00C04F79EFBC}") = "Wpf-Task2", "Wpf-Task2\Wpf-Task2.csproj", "{28A72D2E-AE86-43E3-AEB6-C93B5862E733}"
EndProject
Global
	GlobalSection(SolutionConfigurationPlatforms) = preSolution
		Debug|Any CPU = Debug|Any CPU
		Release|Any CPU = Release|Any CPU
	EndGlobalSection
	GlobalSection(ProjectConfigurationPlatforms) = postSolution
		{28A72D2E-AE86-43E3-AEB6-C93B5862E733}.Debug|Any CPU.ActiveCfg = Debug|Any CPU
		{28A72D2E-AE86-43E3-AEB6-C93B5862E733}.Debug|Any CPU.Build.0 = Debug|Any CPU
		{28A72D2E-AE86-43E3-AEB6-C93B5862E733}.Release|Any CPU.ActiveCfg = Release|Any CPU
		{28A72D2E-AE86-43E3-AEB6-C93B5862E733}.Release|Any CPU.Build.0 = Release|Any CPU
	EndGlobalSection
	GlobalSection(SolutionProperties) = preSolution
		HideSolutionNode = FALSE
	EndGlobalSection
	GlobalSection(ExtensibilityGlobals) = postSolution
		SolutionGuid = {D3748D79-E9AE-414F-83E2-CEA74BA89D27}
	EndGlobalSection
EndGlobal
